
Microsoft Visual Studio Solution File, Format Version 12.00
# Visual Studio Version 17
VisualStudioVersion = 17.14.36414.22 d17.14
MinimumVisualStudioVersion = 10.0.40219.1
Project("{FAE04EC0-301F-11D3-BF4B-00C04F79EFBC}") = "Bem_Estar_Financeiro_Familiar", "Bem_Estar_Financeiro_Familiar.csproj", "{0A1A285B-967A-47C0-8660-0BD66D9F7D13}"
EndProject
Global
	GlobalSection(SolutionConfigurationPlatforms) = preSolution
		Debug|Any CPU = Debug|Any CPU
		Release|Any CPU = Release|Any CPU
	EndGlobalSection
	GlobalSection(ProjectConfigurationPlatforms) = postSolution
		{0A1A285B-967A-47C0-8660-0BD66D9F7D13}.Debug|Any CPU.ActiveCfg = Debug|Any CPU
		{0A1A285B-967A-47C0-8660-0BD66D9F7D13}.Debug|Any CPU.Build.0 = Debug|Any CPU
		{0A1A285B-967A-47C0-8660-0BD66D9F7D13}.Release|Any CPU.ActiveCfg = Release|Any CPU
		{0A1A285B-967A-47C0-8660-0BD66D9F7D13}.Release|Any CPU.Build.0 = Release|Any CPU
	EndGlobalSection
	GlobalSection(SolutionProperties) = preSolution
		HideSolutionNode = FALSE
	EndGlobalSection
	GlobalSection(ExtensibilityGlobals) = postSolution
		SolutionGuid = {8A4843A3-A6DB-4868-ADD7-50B9107B3F2C}
	EndGlobalSection
EndGlobal
